
Microsoft Visual Studio Solution File, Format Version 12.00
# Visual Studio 14
VisualStudioVersion = 14.0.24720.0
MinimumVisualStudioVersion = 10.0.40219.1
Project("{FAE04EC0-301F-11D3-BF4B-00C04F79EFBC}") = "FplClient", "FplClient.csproj", "{08BA1635-3C90-47EC-B5DD-C11D184A75AD}"
EndProject
Project("{FAE04EC0-301F-11D3-BF4B-00C04F79EFBC}") = "FplClient.Tests", "..\FplClient.Tests\FplClient.Tests.csproj", "{0A9E172F-5602-445F-8634-EBC52DFF7FDA}"
EndProject
Global
	GlobalSection(SolutionConfigurationPlatforms) = preSolution
		Debug|Any CPU = Debug|Any CPU
		Release|Any CPU = Release|Any CPU
	EndGlobalSection
	GlobalSection(ProjectConfigurationPlatforms) = postSolution
		{08BA1635-3C90-47EC-B5DD-C11D184A75AD}.Debug|Any CPU.ActiveCfg = Debug|Any CPU
		{08BA1635-3C90-47EC-B5DD-C11D184A75AD}.Debug|Any CPU.Build.0 = Debug|Any CPU
		{08BA1635-3C90-47EC-B5DD-C11D184A75AD}.Release|Any CPU.ActiveCfg = Release|Any CPU
		{08BA1635-3C90-47EC-B5DD-C11D184A75AD}.Release|Any CPU.Build.0 = Release|Any CPU
		{0A9E172F-5602-445F-8634-EBC52DFF7FDA}.Debug|Any CPU.ActiveCfg = Debug|Any CPU
		{0A9E172F-5602-445F-8634-EBC52DFF7FDA}.Debug|Any CPU.Build.0 = Debug|Any CPU
		{0A9E172F-5602-445F-8634-EBC52DFF7FDA}.Release|Any CPU.ActiveCfg = Release|Any CPU
		{0A9E172F-5602-445F-8634-EBC52DFF7FDA}.Release|Any CPU.Build.0 = Release|Any CPU
	EndGlobalSection
	GlobalSection(SolutionProperties) = preSolution
		HideSolutionNode = FALSE
	EndGlobalSection
EndGlobal
